// !$*UTF8*$!
{
	archiveVersion = 1;
	classes = {
	};
	objectVersion = 56;
	objects = {

/* Begin PBXBuildFile section */
		3F62AA832934EB5C009EE5E4 /* AppDelegate.swift in Sources */ = {isa = PBXBuildFile; fileRef = 3F62AA822934EB5C009EE5E4 /* AppDelegate.swift */; };
		3F62AA852934EB5C009EE5E4 /* SceneDelegate.swift in Sources */ = {isa = PBXBuildFile; fileRef = 3F62AA842934EB5C009EE5E4 /* SceneDelegate.swift */; };
		3F62AA8D2934EB5C009EE5E4 /* SpotifyX.xcdatamodeld in Sources */ = {isa = PBXBuildFile; fileRef = 3F62AA8B2934EB5C009EE5E4 /* SpotifyX.xcdatamodeld */; };
		3F62AA8F2934EB5D009EE5E4 /* Assets.xcassets in Resources */ = {isa = PBXBuildFile; fileRef = 3F62AA8E2934EB5D009EE5E4 /* Assets.xcassets */; };
		3F62AA922934EB5D009EE5E4 /* LaunchScreen.storyboard in Resources */ = {isa = PBXBuildFile; fileRef = 3F62AA902934EB5D009EE5E4 /* LaunchScreen.storyboard */; };
		3F62AA9D2934F94D009EE5E4 /* RootViewController.swift in Sources */ = {isa = PBXBuildFile; fileRef = 3F62AA9C2934F94D009EE5E4 /* RootViewController.swift */; };
		3F62AA9F2934F9A2009EE5E4 /* SearchViewController.swift in Sources */ = {isa = PBXBuildFile; fileRef = 3F62AA9E2934F9A2009EE5E4 /* SearchViewController.swift */; };
		3F62AAA12934F9B6009EE5E4 /* LibraryViewController.swift in Sources */ = {isa = PBXBuildFile; fileRef = 3F62AAA02934F9B6009EE5E4 /* LibraryViewController.swift */; };
		3F62AAAD2935051A009EE5E4 /* SXViewController.swift in Sources */ = {isa = PBXBuildFile; fileRef = 3F62AAAC2935051A009EE5E4 /* SXViewController.swift */; };
		3F62AAAF29350531009EE5E4 /* SXTabBarController.swift in Sources */ = {isa = PBXBuildFile; fileRef = 3F62AAAE29350531009EE5E4 /* SXTabBarController.swift */; };
		3F62AAB12935055D009EE5E4 /* SXNavigationController.swift in Sources */ = {isa = PBXBuildFile; fileRef = 3F62AAB02935055D009EE5E4 /* SXNavigationController.swift */; };
		3F62AAB529350587009EE5E4 /* SXTabBarItem.swift in Sources */ = {isa = PBXBuildFile; fileRef = 3F62AAB429350587009EE5E4 /* SXTabBarItem.swift */; };
		3F62AAB829350669009EE5E4 /* SXTableViewController.swift in Sources */ = {isa = PBXBuildFile; fileRef = 3F62AAB729350669009EE5E4 /* SXTableViewController.swift */; };
		3F62AABA29350692009EE5E4 /* SXTableViewCell.swift in Sources */ = {isa = PBXBuildFile; fileRef = 3F62AAB929350692009EE5E4 /* SXTableViewCell.swift */; };
		3F62AABE2935A030009EE5E4 /* SXStorageProtocol.swift in Sources */ = {isa = PBXBuildFile; fileRef = 3F62AABD2935A030009EE5E4 /* SXStorageProtocol.swift */; };
		3F62AAC12935A450009EE5E4 /* SXLocalStorage.swift in Sources */ = {isa = PBXBuildFile; fileRef = 3F62AAC02935A450009EE5E4 /* SXLocalStorage.swift */; };
		3F62AAC42935B569009EE5E4 /* SXThemeProtocol.swift in Sources */ = {isa = PBXBuildFile; fileRef = 3F62AAC32935B569009EE5E4 /* SXThemeProtocol.swift */; };
		3F62AAC62935B5A0009EE5E4 /* SXTheme.swift in Sources */ = {isa = PBXBuildFile; fileRef = 3F62AAC52935B5A0009EE5E4 /* SXTheme.swift */; };
		3F62AACE2936080C009EE5E4 /* SXThemeAssistant.swift in Sources */ = {isa = PBXBuildFile; fileRef = 3F62AACD2936080C009EE5E4 /* SXThemeAssistant.swift */; };
		3F62AAD129360EC8009EE5E4 /* SXImageView.swift in Sources */ = {isa = PBXBuildFile; fileRef = 3F62AAD029360EC8009EE5E4 /* SXImageView.swift */; };
		3FB497F12937530100E4C03D /* HomeView.swift in Sources */ = {isa = PBXBuildFile; fileRef = 3FB497F02937530100E4C03D /* HomeView.swift */; };
		3FB497F32937537600E4C03D /* SXButton.swift in Sources */ = {isa = PBXBuildFile; fileRef = 3FB497F22937537600E4C03D /* SXButton.swift */; };
		3FB497F7293754A300E4C03D /* HomeViewController.swift in Sources */ = {isa = PBXBuildFile; fileRef = 3FB497F6293754A300E4C03D /* HomeViewController.swift */; };
		3FB497F9293758E000E4C03D /* SXView.swift in Sources */ = {isa = PBXBuildFile; fileRef = 3FB497F8293758E000E4C03D /* SXView.swift */; };
		3FB497FB2937593400E4C03D /* ViewX.swift in Sources */ = {isa = PBXBuildFile; fileRef = 3FB497FA2937593400E4C03D /* ViewX.swift */; };
		3FB497FD2938342800E4C03D /* HomeMainNav.swift in Sources */ = {isa = PBXBuildFile; fileRef = 3FB497FC2938342800E4C03D /* HomeMainNav.swift */; };
		3FB497FF2938352200E4C03D /* SXLabel.swift in Sources */ = {isa = PBXBuildFile; fileRef = 3FB497FE2938352200E4C03D /* SXLabel.swift */; };
		3FB49802293839EB00E4C03D /* SXEdgeInsets.swift in Sources */ = {isa = PBXBuildFile; fileRef = 3FB49801293839EB00E4C03D /* SXEdgeInsets.swift */; };
		3FB4980929384E1100E4C03D /* SXStackView.swift in Sources */ = {isa = PBXBuildFile; fileRef = 3FB4980829384E1100E4C03D /* SXStackView.swift */; };
		3FB4980B29384F4400E4C03D /* SXColor.swift in Sources */ = {isa = PBXBuildFile; fileRef = 3FB4980A29384F4400E4C03D /* SXColor.swift */; };
/* End PBXBuildFile section */

/* Begin PBXFileReference section */
		3F62AA7F2934EB5C009EE5E4 /* SpotifyX.app */ = {isa = PBXFileReference; explicitFileType = wrapper.application; includeInIndex = 0; path = SpotifyX.app; sourceTree = BUILT_PRODUCTS_DIR; };
		3F62AA822934EB5C009EE5E4 /* AppDelegate.swift */ = {isa = PBXFileReference; lastKnownFileType = sourcecode.swift; path = AppDelegate.swift; sourceTree = "<group>"; };
		3F62AA842934EB5C009EE5E4 /* SceneDelegate.swift */ = {isa = PBXFileReference; lastKnownFileType = sourcecode.swift; path = SceneDelegate.swift; sourceTree = "<group>"; };
		3F62AA8C2934EB5C009EE5E4 /* SpotifyX.xcdatamodel */ = {isa = PBXFileReference; lastKnownFileType = wrapper.xcdatamodel; path = SpotifyX.xcdatamodel; sourceTree = "<group>"; };
		3F62AA8E2934EB5D009EE5E4 /* Assets.xcassets */ = {isa = PBXFileReference; lastKnownFileType = folder.assetcatalog; path = Assets.xcassets; sourceTree = "<group>"; };
		3F62AA912934EB5D009EE5E4 /* Base */ = {isa = PBXFileReference; lastKnownFileType = file.storyboard; name = Base; path = Base.lproj/LaunchScreen.storyboard; sourceTree = "<group>"; };
		3F62AA932934EB5D009EE5E4 /* Info.plist */ = {isa = PBXFileReference; lastKnownFileType = text.plist.xml; path = Info.plist; sourceTree = "<group>"; };
		3F62AA9C2934F94D009EE5E4 /* RootViewController.swift */ = {isa = PBXFileReference; lastKnownFileType = sourcecode.swift; path = RootViewController.swift; sourceTree = "<group>"; };
		3F62AA9E2934F9A2009EE5E4 /* SearchViewController.swift */ = {isa = PBXFileReference; lastKnownFileType = sourcecode.swift; path = SearchViewController.swift; sourceTree = "<group>"; };
		3F62AAA02934F9B6009EE5E4 /* LibraryViewController.swift */ = {isa = PBXFileReference; lastKnownFileType = sourcecode.swift; path = LibraryViewController.swift; sourceTree = "<group>"; };
		3F62AAAC2935051A009EE5E4 /* SXViewController.swift */ = {isa = PBXFileReference; lastKnownFileType = sourcecode.swift; path = SXViewController.swift; sourceTree = "<group>"; };
		3F62AAAE29350531009EE5E4 /* SXTabBarController.swift */ = {isa = PBXFileReference; lastKnownFileType = sourcecode.swift; path = SXTabBarController.swift; sourceTree = "<group>"; };
		3F62AAB02935055D009EE5E4 /* SXNavigationController.swift */ = {isa = PBXFileReference; lastKnownFileType = sourcecode.swift; path = SXNavigationController.swift; sourceTree = "<group>"; };
		3F62AAB429350587009EE5E4 /* SXTabBarItem.swift */ = {isa = PBXFileReference; lastKnownFileType = sourcecode.swift; path = SXTabBarItem.swift; sourceTree = "<group>"; };
		3F62AAB729350669009EE5E4 /* SXTableViewController.swift */ = {isa = PBXFileReference; lastKnownFileType = sourcecode.swift; path = SXTableViewController.swift; sourceTree = "<group>"; };
		3F62AAB929350692009EE5E4 /* SXTableViewCell.swift */ = {isa = PBXFileReference; lastKnownFileType = sourcecode.swift; path = SXTableViewCell.swift; sourceTree = "<group>"; };
		3F62AABD2935A030009EE5E4 /* SXStorageProtocol.swift */ = {isa = PBXFileReference; lastKnownFileType = sourcecode.swift; path = SXStorageProtocol.swift; sourceTree = "<group>"; };
		3F62AAC02935A450009EE5E4 /* SXLocalStorage.swift */ = {isa = PBXFileReference; lastKnownFileType = sourcecode.swift; path = SXLocalStorage.swift; sourceTree = "<group>"; };
		3F62AAC32935B569009EE5E4 /* SXThemeProtocol.swift */ = {isa = PBXFileReference; lastKnownFileType = sourcecode.swift; path = SXThemeProtocol.swift; sourceTree = "<group>"; };
		3F62AAC52935B5A0009EE5E4 /* SXTheme.swift */ = {isa = PBXFileReference; lastKnownFileType = sourcecode.swift; path = SXTheme.swift; sourceTree = "<group>"; };
		3F62AACD2936080C009EE5E4 /* SXThemeAssistant.swift */ = {isa = PBXFileReference; lastKnownFileType = sourcecode.swift; path = SXThemeAssistant.swift; sourceTree = "<group>"; };
		3F62AAD029360EC8009EE5E4 /* SXImageView.swift */ = {isa = PBXFileReference; lastKnownFileType = sourcecode.swift; path = SXImageView.swift; sourceTree = "<group>"; };
		3FB497F02937530100E4C03D /* HomeView.swift */ = {isa = PBXFileReference; lastKnownFileType = sourcecode.swift; path = HomeView.swift; sourceTree = "<group>"; };
		3FB497F22937537600E4C03D /* SXButton.swift */ = {isa = PBXFileReference; lastKnownFileType = sourcecode.swift; path = SXButton.swift; sourceTree = "<group>"; };
		3FB497F6293754A300E4C03D /* HomeViewController.swift */ = {isa = PBXFileReference; lastKnownFileType = sourcecode.swift; path = HomeViewController.swift; sourceTree = "<group>"; };
		3FB497F8293758E000E4C03D /* SXView.swift */ = {isa = PBXFileReference; lastKnownFileType = sourcecode.swift; path = SXView.swift; sourceTree = "<group>"; };
		3FB497FA2937593400E4C03D /* ViewX.swift */ = {isa = PBXFileReference; lastKnownFileType = sourcecode.swift; path = ViewX.swift; sourceTree = "<group>"; };
		3FB497FC2938342800E4C03D /* HomeMainNav.swift */ = {isa = PBXFileReference; lastKnownFileType = sourcecode.swift; path = HomeMainNav.swift; sourceTree = "<group>"; };
		3FB497FE2938352200E4C03D /* SXLabel.swift */ = {isa = PBXFileReference; lastKnownFileType = sourcecode.swift; path = SXLabel.swift; sourceTree = "<group>"; };
		3FB49801293839EB00E4C03D /* SXEdgeInsets.swift */ = {isa = PBXFileReference; lastKnownFileType = sourcecode.swift; path = SXEdgeInsets.swift; sourceTree = "<group>"; };
		3FB4980829384E1100E4C03D /* SXStackView.swift */ = {isa = PBXFileReference; lastKnownFileType = sourcecode.swift; path = SXStackView.swift; sourceTree = "<group>"; };
		3FB4980A29384F4400E4C03D /* SXColor.swift */ = {isa = PBXFileReference; lastKnownFileType = sourcecode.swift; path = SXColor.swift; sourceTree = "<group>"; };
/* End PBXFileReference section */

/* Begin PBXFrameworksBuildPhase section */
		3F62AA7C2934EB5C009EE5E4 /* Frameworks */ = {
			isa = PBXFrameworksBuildPhase;
			buildActionMask = 2147483647;
			files = (
			);
			runOnlyForDeploymentPostprocessing = 0;
		};
/* End PBXFrameworksBuildPhase section */

/* Begin PBXGroup section */
		3F62AA762934EB5C009EE5E4 = {
			isa = PBXGroup;
			children = (
				3F62AA812934EB5C009EE5E4 /* SpotifyX */,
				3F62AA802934EB5C009EE5E4 /* Products */,
			);
			sourceTree = "<group>";
		};
		3F62AA802934EB5C009EE5E4 /* Products */ = {
			isa = PBXGroup;
			children = (
				3F62AA7F2934EB5C009EE5E4 /* SpotifyX.app */,
			);
			name = Products;
			sourceTree = "<group>";
		};
		3F62AA812934EB5C009EE5E4 /* SpotifyX */ = {
			isa = PBXGroup;
			children = (
				3F62AAC72935B7A1009EE5E4 /* Utilities */,
				3F62AAA429350329009EE5E4 /* Modules */,
				3FB497E329373EAE00E4C03D /* View */,
				3F62AA992934ED17009EE5E4 /* Controller */,
				3F62AA822934EB5C009EE5E4 /* AppDelegate.swift */,
				3F62AA842934EB5C009EE5E4 /* SceneDelegate.swift */,
				3F62AA8E2934EB5D009EE5E4 /* Assets.xcassets */,
				3F62AA902934EB5D009EE5E4 /* LaunchScreen.storyboard */,
				3F62AA932934EB5D009EE5E4 /* Info.plist */,
				3F62AA8B2934EB5C009EE5E4 /* SpotifyX.xcdatamodeld */,
			);
			path = SpotifyX;
			sourceTree = "<group>";
		};
		3F62AA992934ED17009EE5E4 /* Controller */ = {
			isa = PBXGroup;
			children = (
				3FB497E229373E7A00E4C03D /* HomeViewController */,
				3F62AA9E2934F9A2009EE5E4 /* SearchViewController.swift */,
				3F62AAA02934F9B6009EE5E4 /* LibraryViewController.swift */,
				3F62AA9C2934F94D009EE5E4 /* RootViewController.swift */,
			);
			path = Controller;
			sourceTree = "<group>";
		};
		3F62AAA429350329009EE5E4 /* Modules */ = {
			isa = PBXGroup;
			children = (
				3F62AAA8293504BA009EE5E4 /* Core */,
				3F62AAA9293504C6009EE5E4 /* Amenities */,
			);
			path = Modules;
			sourceTree = "<group>";
		};
		3F62AAA529350348009EE5E4 /* Data */ = {
			isa = PBXGroup;
			children = (
				3F62AACC293607DA009EE5E4 /* Theme */,
				3F62AABF2935A425009EE5E4 /* Storage */,
			);
			path = Data;
			sourceTree = "<group>";
		};
		3F62AAA62935034E009EE5E4 /* Domain */ = {
			isa = PBXGroup;
			children = (
				3F62AAC22935B4CD009EE5E4 /* Theme */,
				3F62AABC29359FC3009EE5E4 /* Storage */,
			);
			path = Domain;
			sourceTree = "<group>";
		};
		3F62AAA8293504BA009EE5E4 /* Core */ = {
			isa = PBXGroup;
			children = (
				3F62AAA529350348009EE5E4 /* Data */,
				3F62AAA62935034E009EE5E4 /* Domain */,
			);
			path = Core;
			sourceTree = "<group>";
		};
		3F62AAA9293504C6009EE5E4 /* Amenities */ = {
			isa = PBXGroup;
			children = (
				3F62AAAA293504DC009EE5E4 /* Data */,
				3F62AAAB293504E4009EE5E4 /* Domain */,
			);
			path = Amenities;
			sourceTree = "<group>";
		};
		3F62AAAA293504DC009EE5E4 /* Data */ = {
			isa = PBXGroup;
			children = (
			);
			path = Data;
			sourceTree = "<group>";
		};
		3F62AAAB293504E4009EE5E4 /* Domain */ = {
			isa = PBXGroup;
			children = (
			);
			path = Domain;
			sourceTree = "<group>";
		};
		3F62AAB32935056C009EE5E4 /* SXTabBar */ = {
			isa = PBXGroup;
			children = (
				3F62AAAE29350531009EE5E4 /* SXTabBarController.swift */,
				3F62AAB429350587009EE5E4 /* SXTabBarItem.swift */,
			);
			path = SXTabBar;
			sourceTree = "<group>";
		};
		3F62AAB62935064E009EE5E4 /* SXTableView */ = {
			isa = PBXGroup;
			children = (
				3F62AAB729350669009EE5E4 /* SXTableViewController.swift */,
				3F62AAB929350692009EE5E4 /* SXTableViewCell.swift */,
			);
			path = SXTableView;
			sourceTree = "<group>";
		};
		3F62AABC29359FC3009EE5E4 /* Storage */ = {
			isa = PBXGroup;
			children = (
				3F62AABD2935A030009EE5E4 /* SXStorageProtocol.swift */,
			);
			path = Storage;
			sourceTree = "<group>";
		};
		3F62AABF2935A425009EE5E4 /* Storage */ = {
			isa = PBXGroup;
			children = (
				3F62AAC02935A450009EE5E4 /* SXLocalStorage.swift */,
			);
			path = Storage;
			sourceTree = "<group>";
		};
		3F62AAC22935B4CD009EE5E4 /* Theme */ = {
			isa = PBXGroup;
			children = (
				3F62AAC32935B569009EE5E4 /* SXThemeProtocol.swift */,
				3F62AAC52935B5A0009EE5E4 /* SXTheme.swift */,
			);
			path = Theme;
			sourceTree = "<group>";
		};
		3F62AAC72935B7A1009EE5E4 /* Utilities */ = {
			isa = PBXGroup;
			children = (
				3F62AAC82935B7C6009EE5E4 /* Helper */,
			);
			path = Utilities;
			sourceTree = "<group>";
		};
		3F62AAC82935B7C6009EE5E4 /* Helper */ = {
			isa = PBXGroup;
			children = (
				3FB4980529383B6C00E4C03D /* CustomExtension */,
			);
			path = Helper;
			sourceTree = "<group>";
		};
		3F62AAC92935B7DA009EE5E4 /* CustomExtensions */ = {
			isa = PBXGroup;
			children = (
				3FB497FA2937593400E4C03D /* ViewX.swift */,
			);
			path = CustomExtensions;
			sourceTree = "<group>";
		};
		3F62AACC293607DA009EE5E4 /* Theme */ = {
			isa = PBXGroup;
			children = (
				3F62AACD2936080C009EE5E4 /* SXThemeAssistant.swift */,
			);
			path = Theme;
			sourceTree = "<group>";
		};
		3FB497E229373E7A00E4C03D /* HomeViewController */ = {
			isa = PBXGroup;
			children = (
				3FB497F6293754A300E4C03D /* HomeViewController.swift */,
			);
			path = HomeViewController;
			sourceTree = "<group>";
		};
		3FB497E329373EAE00E4C03D /* View */ = {
			isa = PBXGroup;
			children = (
				3FB4980329383A7100E4C03D /* Core */,
				3FB497E629373EE900E4C03D /* HomeView */,
			);
			path = View;
			sourceTree = "<group>";
		};
		3FB497E629373EE900E4C03D /* HomeView */ = {
			isa = PBXGroup;
			children = (
				3FB497E729373EF700E4C03D /* Components */,
				3FB497F02937530100E4C03D /* HomeView.swift */,
			);
			path = HomeView;
			sourceTree = "<group>";
		};
		3FB497E729373EF700E4C03D /* Components */ = {
			isa = PBXGroup;
			children = (
				3FB497E929373F3200E4C03D /* NavBar */,
			);
			path = Components;
			sourceTree = "<group>";
		};
		3FB497E929373F3200E4C03D /* NavBar */ = {
			isa = PBXGroup;
			children = (
				3FB497FC2938342800E4C03D /* HomeMainNav.swift */,
			);
			path = NavBar;
			sourceTree = "<group>";
		};
		3FB49800293839A300E4C03D /* ConstraintsHelper */ = {
			isa = PBXGroup;
			children = (
				3FB49801293839EB00E4C03D /* SXEdgeInsets.swift */,
			);
			path = ConstraintsHelper;
			sourceTree = "<group>";
		};
		3FB4980329383A7100E4C03D /* Core */ = {
			isa = PBXGroup;
			children = (
				3F62AAC92935B7DA009EE5E4 /* CustomExtensions */,
				3FB49800293839A300E4C03D /* ConstraintsHelper */,
				3FB4980429383ADD00E4C03D /* ViewWrapper */,
			);
			path = Core;
			sourceTree = "<group>";
		};
		3FB4980429383ADD00E4C03D /* ViewWrapper */ = {
			isa = PBXGroup;
			children = (
				3F62AAB62935064E009EE5E4 /* SXTableView */,
				3F62AAAC2935051A009EE5E4 /* SXViewController.swift */,
				3F62AAB32935056C009EE5E4 /* SXTabBar */,
				3F62AAB02935055D009EE5E4 /* SXNavigationController.swift */,
				3F62AAD029360EC8009EE5E4 /* SXImageView.swift */,
				3FB497F22937537600E4C03D /* SXButton.swift */,
				3FB497F8293758E000E4C03D /* SXView.swift */,
				3FB497FE2938352200E4C03D /* SXLabel.swift */,
				3FB4980829384E1100E4C03D /* SXStackView.swift */,
				3FB4980A29384F4400E4C03D /* SXColor.swift */,
			);
			path = ViewWrapper;
			sourceTree = "<group>";
		};
		3FB4980529383B6C00E4C03D /* CustomExtension */ = {
			isa = PBXGroup;
			children = (
			);
			path = CustomExtension;
			sourceTree = "<group>";
		};
/* End PBXGroup section */

/* Begin PBXNativeTarget section */
		3F62AA7E2934EB5C009EE5E4 /* SpotifyX */ = {
			isa = PBXNativeTarget;
			buildConfigurationList = 3F62AA962934EB5D009EE5E4 /* Build configuration list for PBXNativeTarget "SpotifyX" */;
			buildPhases = (
				3F62AA7B2934EB5C009EE5E4 /* Sources */,
				3F62AA7C2934EB5C009EE5E4 /* Frameworks */,
				3F62AA7D2934EB5C009EE5E4 /* Resources */,
			);
			buildRules = (
			);
			dependencies = (
			);
			name = SpotifyX;
			productName = SpotifyX;
			productReference = 3F62AA7F2934EB5C009EE5E4 /* SpotifyX.app */;
			productType = "com.apple.product-type.application";
		};
/* End PBXNativeTarget section */

/* Begin PBXProject section */
		3F62AA772934EB5C009EE5E4 /* Project object */ = {
			isa = PBXProject;
			attributes = {
				BuildIndependentTargetsInParallel = 1;
				LastSwiftUpdateCheck = 1410;
				LastUpgradeCheck = 1410;
				TargetAttributes = {
					3F62AA7E2934EB5C009EE5E4 = {
						CreatedOnToolsVersion = 14.1;
					};
				};
			};
			buildConfigurationList = 3F62AA7A2934EB5C009EE5E4 /* Build configuration list for PBXProject "SpotifyX" */;
			compatibilityVersion = "Xcode 14.0";
			developmentRegion = en;
			hasScannedForEncodings = 0;
			knownRegions = (
				en,
				Base,
			);
			mainGroup = 3F62AA762934EB5C009EE5E4;
			productRefGroup = 3F62AA802934EB5C009EE5E4 /* Products */;
			projectDirPath = "";
			projectRoot = "";
			targets = (
				3F62AA7E2934EB5C009EE5E4 /* SpotifyX */,
			);
		};
/* End PBXProject section */

/* Begin PBXResourcesBuildPhase section */
		3F62AA7D2934EB5C009EE5E4 /* Resources */ = {
			isa = PBXResourcesBuildPhase;
			buildActionMask = 2147483647;
			files = (
				3F62AA922934EB5D009EE5E4 /* LaunchScreen.storyboard in Resources */,
				3F62AA8F2934EB5D009EE5E4 /* Assets.xcassets in Resources */,
			);
			runOnlyForDeploymentPostprocessing = 0;
		};
/* End PBXResourcesBuildPhase section */

/* Begin PBXSourcesBuildPhase section */
		3F62AA7B2934EB5C009EE5E4 /* Sources */ = {
			isa = PBXSourcesBuildPhase;
			buildActionMask = 2147483647;
			files = (
				3F62AAC42935B569009EE5E4 /* SXThemeProtocol.swift in Sources */,
				3F62AA9F2934F9A2009EE5E4 /* SearchViewController.swift in Sources */,
				3FB4980B29384F4400E4C03D /* SXColor.swift in Sources */,
				3FB497FD2938342800E4C03D /* HomeMainNav.swift in Sources */,
				3F62AAAF29350531009EE5E4 /* SXTabBarController.swift in Sources */,
				3FB497FB2937593400E4C03D /* ViewX.swift in Sources */,
				3F62AAB12935055D009EE5E4 /* SXNavigationController.swift in Sources */,
				3F62AA9D2934F94D009EE5E4 /* RootViewController.swift in Sources */,
				3F62AAC62935B5A0009EE5E4 /* SXTheme.swift in Sources */,
				3F62AAB529350587009EE5E4 /* SXTabBarItem.swift in Sources */,
				3FB497F7293754A300E4C03D /* HomeViewController.swift in Sources */,
				3FB497F32937537600E4C03D /* SXButton.swift in Sources */,
				3F62AABE2935A030009EE5E4 /* SXStorageProtocol.swift in Sources */,
				3F62AAD129360EC8009EE5E4 /* SXImageView.swift in Sources */,
				3FB4980929384E1100E4C03D /* SXStackView.swift in Sources */,
				3F62AAAD2935051A009EE5E4 /* SXViewController.swift in Sources */,
				3F62AA832934EB5C009EE5E4 /* AppDelegate.swift in Sources */,
				3F62AAB829350669009EE5E4 /* SXTableViewController.swift in Sources */,
				3FB497F9293758E000E4C03D /* SXView.swift in Sources */,
				3F62AAA12934F9B6009EE5E4 /* LibraryViewController.swift in Sources */,
				3F62AA852934EB5C009EE5E4 /* SceneDelegate.swift in Sources */,
				3FB497F12937530100E4C03D /* HomeView.swift in Sources */,
				3F62AABA29350692009EE5E4 /* SXTableViewCell.swift in Sources */,
				3FB49802293839EB00E4C03D /* SXEdgeInsets.swift in Sources */,
				3F62AAC12935A450009EE5E4 /* SXLocalStorage.swift in Sources */,
				3F62AACE2936080C009EE5E4 /* SXThemeAssistant.swift in Sources */,
				3F62AA8D2934EB5C009EE5E4 /* SpotifyX.xcdatamodeld in Sources */,
				3FB497FF2938352200E4C03D /* SXLabel.swift in Sources */,
			);
			runOnlyForDeploymentPostprocessing = 0;
		};
/* End PBXSourcesBuildPhase section */

/* Begin PBXVariantGroup section */
		3F62AA902934EB5D009EE5E4 /* LaunchScreen.storyboard */ = {
			isa = PBXVariantGroup;
			children = (
				3F62AA912934EB5D009EE5E4 /* Base */,
			);
			name = LaunchScreen.storyboard;
			sourceTree = "<group>";
		};
/* End PBXVariantGroup section */

/* Begin XCBuildConfiguration section */
		3F62AA942934EB5D009EE5E4 /* Debug */ = {
			isa = XCBuildConfiguration;
			buildSettings = {
				ALWAYS_SEARCH_USER_PATHS = NO;
				CLANG_ANALYZER_NONNULL = YES;
				CLANG_ANALYZER_NUMBER_OBJECT_CONVERSION = YES_AGGRESSIVE;
				CLANG_CXX_LANGUAGE_STANDARD = "gnu++20";
				CLANG_ENABLE_MODULES = YES;
				CLANG_ENABLE_OBJC_ARC = YES;
				CLANG_ENABLE_OBJC_WEAK = YES;
				CLANG_WARN_BLOCK_CAPTURE_AUTORELEASING = YES;
				CLANG_WARN_BOOL_CONVERSION = YES;
				CLANG_WARN_COMMA = YES;
				CLANG_WARN_CONSTANT_CONVERSION = YES;
				CLANG_WARN_DEPRECATED_OBJC_IMPLEMENTATIONS = YES;
				CLANG_WARN_DIRECT_OBJC_ISA_USAGE = YES_ERROR;
				CLANG_WARN_DOCUMENTATION_COMMENTS = YES;
				CLANG_WARN_EMPTY_BODY = YES;
				CLANG_WARN_ENUM_CONVERSION = YES;
				CLANG_WARN_INFINITE_RECURSION = YES;
				CLANG_WARN_INT_CONVERSION = YES;
				CLANG_WARN_NON_LITERAL_NULL_CONVERSION = YES;
				CLANG_WARN_OBJC_IMPLICIT_RETAIN_SELF = YES;
				CLANG_WARN_OBJC_LITERAL_CONVERSION = YES;
				CLANG_WARN_OBJC_ROOT_CLASS = YES_ERROR;
				CLANG_WARN_QUOTED_INCLUDE_IN_FRAMEWORK_HEADER = YES;
				CLANG_WARN_RANGE_LOOP_ANALYSIS = YES;
				CLANG_WARN_STRICT_PROTOTYPES = YES;
				CLANG_WARN_SUSPICIOUS_MOVE = YES;
				CLANG_WARN_UNGUARDED_AVAILABILITY = YES_AGGRESSIVE;
				CLANG_WARN_UNREACHABLE_CODE = YES;
				CLANG_WARN__DUPLICATE_METHOD_MATCH = YES;
				COPY_PHASE_STRIP = NO;
				DEBUG_INFORMATION_FORMAT = dwarf;
				ENABLE_STRICT_OBJC_MSGSEND = YES;
				ENABLE_TESTABILITY = YES;
				GCC_C_LANGUAGE_STANDARD = gnu11;
				GCC_DYNAMIC_NO_PIC = NO;
				GCC_NO_COMMON_BLOCKS = YES;
				GCC_OPTIMIZATION_LEVEL = 0;
				GCC_PREPROCESSOR_DEFINITIONS = (
					"DEBUG=1",
					"$(inherited)",
				);
				GCC_WARN_64_TO_32_BIT_CONVERSION = YES;
				GCC_WARN_ABOUT_RETURN_TYPE = YES_ERROR;
				GCC_WARN_UNDECLARED_SELECTOR = YES;
				GCC_WARN_UNINITIALIZED_AUTOS = YES_AGGRESSIVE;
				GCC_WARN_UNUSED_FUNCTION = YES;
				GCC_WARN_UNUSED_VARIABLE = YES;
				IPHONEOS_DEPLOYMENT_TARGET = 16.1;
				MTL_ENABLE_DEBUG_INFO = INCLUDE_SOURCE;
				MTL_FAST_MATH = YES;
				ONLY_ACTIVE_ARCH = YES;
				SDKROOT = iphoneos;
				SWIFT_ACTIVE_COMPILATION_CONDITIONS = DEBUG;
				SWIFT_OPTIMIZATION_LEVEL = "-Onone";
			};
			name = Debug;
		};
		3F62AA952934EB5D009EE5E4 /* Release */ = {
			isa = XCBuildConfiguration;
			buildSettings = {
				ALWAYS_SEARCH_USER_PATHS = NO;
				CLANG_ANALYZER_NONNULL = YES;
				CLANG_ANALYZER_NUMBER_OBJECT_CONVERSION = YES_AGGRESSIVE;
				CLANG_CXX_LANGUAGE_STANDARD = "gnu++20";
				CLANG_ENABLE_MODULES = YES;
				CLANG_ENABLE_OBJC_ARC = YES;
				CLANG_ENABLE_OBJC_WEAK = YES;
				CLANG_WARN_BLOCK_CAPTURE_AUTORELEASING = YES;
				CLANG_WARN_BOOL_CONVERSION = YES;
				CLANG_WARN_COMMA = YES;
				CLANG_WARN_CONSTANT_CONVERSION = YES;
				CLANG_WARN_DEPRECATED_OBJC_IMPLEMENTATIONS = YES;
				CLANG_WARN_DIRECT_OBJC_ISA_USAGE = YES_ERROR;
				CLANG_WARN_DOCUMENTATION_COMMENTS = YES;
				CLANG_WARN_EMPTY_BODY = YES;
				CLANG_WARN_ENUM_CONVERSION = YES;
				CLANG_WARN_INFINITE_RECURSION = YES;
				CLANG_WARN_INT_CONVERSION = YES;
				CLANG_WARN_NON_LITERAL_NULL_CONVERSION = YES;
				CLANG_WARN_OBJC_IMPLICIT_RETAIN_SELF = YES;
				CLANG_WARN_OBJC_LITERAL_CONVERSION = YES;
				CLANG_WARN_OBJC_ROOT_CLASS = YES_ERROR;
				CLANG_WARN_QUOTED_INCLUDE_IN_FRAMEWORK_HEADER = YES;
				CLANG_WARN_RANGE_LOOP_ANALYSIS = YES;
				CLANG_WARN_STRICT_PROTOTYPES = YES;
				CLANG_WARN_SUSPICIOUS_MOVE = YES;
				CLANG_WARN_UNGUARDED_AVAILABILITY = YES_AGGRESSIVE;
				CLANG_WARN_UNREACHABLE_CODE = YES;
				CLANG_WARN__DUPLICATE_METHOD_MATCH = YES;
				COPY_PHASE_STRIP = NO;
				DEBUG_INFORMATION_FORMAT = "dwarf-with-dsym";
				ENABLE_NS_ASSERTIONS = NO;
				ENABLE_STRICT_OBJC_MSGSEND = YES;
				GCC_C_LANGUAGE_STANDARD = gnu11;
				GCC_NO_COMMON_BLOCKS = YES;
				GCC_WARN_64_TO_32_BIT_CONVERSION = YES;
				GCC_WARN_ABOUT_RETURN_TYPE = YES_ERROR;
				GCC_WARN_UNDECLARED_SELECTOR = YES;
				GCC_WARN_UNINITIALIZED_AUTOS = YES_AGGRESSIVE;
				GCC_WARN_UNUSED_FUNCTION = YES;
				GCC_WARN_UNUSED_VARIABLE = YES;
				IPHONEOS_DEPLOYMENT_TARGET = 16.1;
				MTL_ENABLE_DEBUG_INFO = NO;
				MTL_FAST_MATH = YES;
				SDKROOT = iphoneos;
				SWIFT_COMPILATION_MODE = wholemodule;
				SWIFT_OPTIMIZATION_LEVEL = "-O";
				VALIDATE_PRODUCT = YES;
			};
			name = Release;
		};
		3F62AA972934EB5D009EE5E4 /* Debug */ = {
			isa = XCBuildConfiguration;
			buildSettings = {
				ASSETCATALOG_COMPILER_APPICON_NAME = AppIcon;
				ASSETCATALOG_COMPILER_GLOBAL_ACCENT_COLOR_NAME = AccentColor;
				CODE_SIGN_STYLE = Automatic;
				CURRENT_PROJECT_VERSION = 1;
				DEVELOPMENT_TEAM = A8UY3TWU46;
				GENERATE_INFOPLIST_FILE = YES;
				INFOPLIST_FILE = SpotifyX/Info.plist;
				INFOPLIST_KEY_UIApplicationSupportsIndirectInputEvents = YES;
				INFOPLIST_KEY_UILaunchStoryboardName = LaunchScreen;
				INFOPLIST_KEY_UISupportedInterfaceOrientations_iPad = "UIInterfaceOrientationPortrait UIInterfaceOrientationPortraitUpsideDown UIInterfaceOrientationLandscapeLeft UIInterfaceOrientationLandscapeRight";
				INFOPLIST_KEY_UISupportedInterfaceOrientations_iPhone = "UIInterfaceOrientationPortrait UIInterfaceOrientationLandscapeLeft UIInterfaceOrientationLandscapeRight";
				LD_RUNPATH_SEARCH_PATHS = (
					"$(inherited)",
					"@executable_path/Frameworks",
				);
				MARKETING_VERSION = 1.0;
				PRODUCT_BUNDLE_IDENTIFIER = com.sourav.SpotifyX;
				PRODUCT_NAME = "$(TARGET_NAME)";
				SWIFT_EMIT_LOC_STRINGS = YES;
				SWIFT_VERSION = 5.0;
				TARGETED_DEVICE_FAMILY = "1,2";
			};
			name = Debug;
		};
		3F62AA982934EB5D009EE5E4 /* Release */ = {
			isa = XCBuildConfiguration;
			buildSettings = {
				ASSETCATALOG_COMPILER_APPICON_NAME = AppIcon;
				ASSETCATALOG_COMPILER_GLOBAL_ACCENT_COLOR_NAME = AccentColor;
				CODE_SIGN_STYLE = Automatic;
				CURRENT_PROJECT_VERSION = 1;
				DEVELOPMENT_TEAM = A8UY3TWU46;
				GENERATE_INFOPLIST_FILE = YES;
				INFOPLIST_FILE = SpotifyX/Info.plist;
				INFOPLIST_KEY_UIApplicationSupportsIndirectInputEvents = YES;
				INFOPLIST_KEY_UILaunchStoryboardName = LaunchScreen;
				INFOPLIST_KEY_UISupportedInterfaceOrientations_iPad = "UIInterfaceOrientationPortrait UIInterfaceOrientationPortraitUpsideDown UIInterfaceOrientationLandscapeLeft UIInterfaceOrientationLandscapeRight";
				INFOPLIST_KEY_UISupportedInterfaceOrientations_iPhone = "UIInterfaceOrientationPortrait UIInterfaceOrientationLandscapeLeft UIInterfaceOrientationLandscapeRight";
				LD_RUNPATH_SEARCH_PATHS = (
					"$(inherited)",
					"@executable_path/Frameworks",
				);
				MARKETING_VERSION = 1.0;
				PRODUCT_BUNDLE_IDENTIFIER = com.sourav.SpotifyX;
				PRODUCT_NAME = "$(TARGET_NAME)";
				SWIFT_EMIT_LOC_STRINGS = YES;
				SWIFT_VERSION = 5.0;
				TARGETED_DEVICE_FAMILY = "1,2";
			};
			name = Release;
		};
/* End XCBuildConfiguration section */

/* Begin XCConfigurationList section */
		3F62AA7A2934EB5C009EE5E4 /* Build configuration list for PBXProject "SpotifyX" */ = {
			isa = XCConfigurationList;
			buildConfigurations = (
				3F62AA942934EB5D009EE5E4 /* Debug */,
				3F62AA952934EB5D009EE5E4 /* Release */,
			);
			defaultConfigurationIsVisible = 0;
			defaultConfigurationName = Release;
		};
		3F62AA962934EB5D009EE5E4 /* Build configuration list for PBXNativeTarget "SpotifyX" */ = {
			isa = XCConfigurationList;
			buildConfigurations = (
				3F62AA972934EB5D009EE5E4 /* Debug */,
				3F62AA982934EB5D009EE5E4 /* Release */,
			);
			defaultConfigurationIsVisible = 0;
			defaultConfigurationName = Release;
		};
/* End XCConfigurationList section */

/* Begin XCVersionGroup section */
		3F62AA8B2934EB5C009EE5E4 /* SpotifyX.xcdatamodeld */ = {
			isa = XCVersionGroup;
			children = (
				3F62AA8C2934EB5C009EE5E4 /* SpotifyX.xcdatamodel */,
			);
			currentVersion = 3F62AA8C2934EB5C009EE5E4 /* SpotifyX.xcdatamodel */;
			path = SpotifyX.xcdatamodeld;
			sourceTree = "<group>";
			versionGroupType = wrapper.xcdatamodel;
		};
/* End XCVersionGroup section */
	};
	rootObject = 3F62AA772934EB5C009EE5E4 /* Project object */;
}
